
Microsoft Visual Studio Solution File, Format Version 12.00
# Visual Studio Version 17
VisualStudioVersion = 17.10.35013.160
MinimumVisualStudioVersion = 10.0.40219.1
Project("{FAE04EC0-301F-11D3-BF4B-00C04F79EFBC}") = "flock", "flock.csproj", "{AB924F8C-D0BE-4508-9924-0CD3DE800F03}"
EndProject
Global
	GlobalSection(SolutionConfigurationPlatforms) = preSolution
		Debug|Any CPU = Debug|Any CPU
		Release|Any CPU = Release|Any CPU
	EndGlobalSection
	GlobalSection(ProjectConfigurationPlatforms) = postSolution
		{AB924F8C-D0BE-4508-9924-0CD3DE800F03}.Debug|Any CPU.ActiveCfg = Debug|Any CPU
		{AB924F8C-D0BE-4508-9924-0CD3DE800F03}.Debug|Any CPU.Build.0 = Debug|Any CPU
		{AB924F8C-D0BE-4508-9924-0CD3DE800F03}.Release|Any CPU.ActiveCfg = Release|Any CPU
		{AB924F8C-D0BE-4508-9924-0CD3DE800F03}.Release|Any CPU.Build.0 = Release|Any CPU
	EndGlobalSection
	GlobalSection(SolutionProperties) = preSolution
		HideSolutionNode = FALSE
	EndGlobalSection
	GlobalSection(ExtensibilityGlobals) = postSolution
		SolutionGuid = {A63A58EA-1944-4886-A83B-7DF921055B09}
	EndGlobalSection
EndGlobal
